
Microsoft Visual Studio Solution File, Format Version 12.00
# Visual Studio Version 16
VisualStudioVersion = 16.0.30011.22
MinimumVisualStudioVersion = 10.0.40219.1
Project("{FAE04EC0-301F-11D3-BF4B-00C04F79EFBC}") = "Calculadora", "CusroTddCsharp\Calculadora.csproj", "{A8C36D5D-19BE-4458-8776-8665A447FC99}"
EndProject
Project("{FAE04EC0-301F-11D3-BF4B-00C04F79EFBC}") = "Calculadora.Teste", "Calculadora.Teste\Calculadora.Teste.csproj", "{B20CDCC6-5DB4-441C-B7BE-F5AF70A0108E}"
EndProject
Global
	GlobalSection(SolutionConfigurationPlatforms) = preSolution
		Debug|Any CPU = Debug|Any CPU
		Release|Any CPU = Release|Any CPU
	EndGlobalSection
	GlobalSection(ProjectConfigurationPlatforms) = postSolution
		{A8C36D5D-19BE-4458-8776-8665A447FC99}.Debug|Any CPU.ActiveCfg = Debug|Any CPU
		{A8C36D5D-19BE-4458-8776-8665A447FC99}.Debug|Any CPU.Build.0 = Debug|Any CPU
		{A8C36D5D-19BE-4458-8776-8665A447FC99}.Release|Any CPU.ActiveCfg = Release|Any CPU
		{A8C36D5D-19BE-4458-8776-8665A447FC99}.Release|Any CPU.Build.0 = Release|Any CPU
		{B20CDCC6-5DB4-441C-B7BE-F5AF70A0108E}.Debug|Any CPU.ActiveCfg = Debug|Any CPU
		{B20CDCC6-5DB4-441C-B7BE-F5AF70A0108E}.Debug|Any CPU.Build.0 = Debug|Any CPU
		{B20CDCC6-5DB4-441C-B7BE-F5AF70A0108E}.Release|Any CPU.ActiveCfg = Release|Any CPU
		{B20CDCC6-5DB4-441C-B7BE-F5AF70A0108E}.Release|Any CPU.Build.0 = Release|Any CPU
	EndGlobalSection
	GlobalSection(SolutionProperties) = preSolution
		HideSolutionNode = FALSE
	EndGlobalSection
	GlobalSection(ExtensibilityGlobals) = postSolution
		SolutionGuid = {7B8B3DA2-67AF-48BE-8684-CEFC74A67438}
	EndGlobalSection
EndGlobal
