
Microsoft Visual Studio Solution File, Format Version 12.00
# Visual Studio Version 16
VisualStudioVersion = 16.0.30011.22
MinimumVisualStudioVersion = 10.0.40219.1
Project("{FAE04EC0-301F-11D3-BF4B-00C04F79EFBC}") = "ExemplosmModificadorParams", "ExemplosmModificadorParams\ExemplosmModificadorParams.csproj", "{BC738E11-CFAB-4ED4-8B23-1CCE4709949C}"
EndProject
Global
	GlobalSection(SolutionConfigurationPlatforms) = preSolution
		Debug|Any CPU = Debug|Any CPU
		Release|Any CPU = Release|Any CPU
	EndGlobalSection
	GlobalSection(ProjectConfigurationPlatforms) = postSolution
		{BC738E11-CFAB-4ED4-8B23-1CCE4709949C}.Debug|Any CPU.ActiveCfg = Debug|Any CPU
		{BC738E11-CFAB-4ED4-8B23-1CCE4709949C}.Debug|Any CPU.Build.0 = Debug|Any CPU
		{BC738E11-CFAB-4ED4-8B23-1CCE4709949C}.Release|Any CPU.ActiveCfg = Release|Any CPU
		{BC738E11-CFAB-4ED4-8B23-1CCE4709949C}.Release|Any CPU.Build.0 = Release|Any CPU
	EndGlobalSection
	GlobalSection(SolutionProperties) = preSolution
		HideSolutionNode = FALSE
	EndGlobalSection
	GlobalSection(ExtensibilityGlobals) = postSolution
		SolutionGuid = {7D41DDD6-4517-438D-98A7-DFDCE0C8F314}
	EndGlobalSection
EndGlobal
