
Microsoft Visual Studio Solution File, Format Version 12.00
# Visual Studio Version 16
VisualStudioVersion = 16.0.30011.22
MinimumVisualStudioVersion = 10.0.40219.1
Project("{FAE04EC0-301F-11D3-BF4B-00C04F79EFBC}") = "ExercicioFixacaoBanco", "ExercicioFixacaoBanco\ExercicioFixacaoBanco.csproj", "{44E7553D-4C6C-4913-B933-791545BAEAC9}"
EndProject
Global
	GlobalSection(SolutionConfigurationPlatforms) = preSolution
		Debug|Any CPU = Debug|Any CPU
		Release|Any CPU = Release|Any CPU
	EndGlobalSection
	GlobalSection(ProjectConfigurationPlatforms) = postSolution
		{44E7553D-4C6C-4913-B933-791545BAEAC9}.Debug|Any CPU.ActiveCfg = Debug|Any CPU
		{44E7553D-4C6C-4913-B933-791545BAEAC9}.Debug|Any CPU.Build.0 = Debug|Any CPU
		{44E7553D-4C6C-4913-B933-791545BAEAC9}.Release|Any CPU.ActiveCfg = Release|Any CPU
		{44E7553D-4C6C-4913-B933-791545BAEAC9}.Release|Any CPU.Build.0 = Release|Any CPU
	EndGlobalSection
	GlobalSection(SolutionProperties) = preSolution
		HideSolutionNode = FALSE
	EndGlobalSection
	GlobalSection(ExtensibilityGlobals) = postSolution
		SolutionGuid = {8110977E-DC83-4F4F-B205-9EB2A5EC1A7B}
	EndGlobalSection
EndGlobal
