
Microsoft Visual Studio Solution File, Format Version 12.00
# Visual Studio Version 16
VisualStudioVersion = 16.0.30011.22
MinimumVisualStudioVersion = 10.0.40219.1
Project("{FAE04EC0-301F-11D3-BF4B-00C04F79EFBC}") = "ExercicioDeFixacaoCriacaoDeClasses02", "ExercicioDeFixacaoCriacaoDeClasses02\ExercicioDeFixacaoCriacaoDeClasses02.csproj", "{4A1CCEF5-A9FB-4564-ACCA-315AFD601E15}"
EndProject
Global
	GlobalSection(SolutionConfigurationPlatforms) = preSolution
		Debug|Any CPU = Debug|Any CPU
		Release|Any CPU = Release|Any CPU
	EndGlobalSection
	GlobalSection(ProjectConfigurationPlatforms) = postSolution
		{4A1CCEF5-A9FB-4564-ACCA-315AFD601E15}.Debug|Any CPU.ActiveCfg = Debug|Any CPU
		{4A1CCEF5-A9FB-4564-ACCA-315AFD601E15}.Debug|Any CPU.Build.0 = Debug|Any CPU
		{4A1CCEF5-A9FB-4564-ACCA-315AFD601E15}.Release|Any CPU.ActiveCfg = Release|Any CPU
		{4A1CCEF5-A9FB-4564-ACCA-315AFD601E15}.Release|Any CPU.Build.0 = Release|Any CPU
	EndGlobalSection
	GlobalSection(SolutionProperties) = preSolution
		HideSolutionNode = FALSE
	EndGlobalSection
	GlobalSection(ExtensibilityGlobals) = postSolution
		SolutionGuid = {81478AA9-3364-43AD-A9D8-2258000F85AD}
	EndGlobalSection
EndGlobal
