
Microsoft Visual Studio Solution File, Format Version 12.00
# Visual Studio Version 16
VisualStudioVersion = 16.0.30011.22
MinimumVisualStudioVersion = 10.0.40219.1
Project("{FAE04EC0-301F-11D3-BF4B-00C04F79EFBC}") = "TrocaDeValores", "TrocaDeValores\TrocaDeValores.csproj", "{FC0031B7-A0EA-48BE-9034-5A7097489BD4}"
EndProject
Project("{FAE04EC0-301F-11D3-BF4B-00C04F79EFBC}") = "RestoDeUmaDivisao", "RestoDeUmaDivisao\RestoDeUmaDivisao.csproj", "{6D41B272-D6E2-4235-B3EA-BB0509F36C2B}"
EndProject
Project("{FAE04EC0-301F-11D3-BF4B-00C04F79EFBC}") = "GastoEmRestaurante", "GastoEmRestaurante\GastoEmRestaurante.csproj", "{2A68E60A-9262-41F0-9245-F3DB1E42974F}"
EndProject
Global
	GlobalSection(SolutionConfigurationPlatforms) = preSolution
		Debug|Any CPU = Debug|Any CPU
		Release|Any CPU = Release|Any CPU
	EndGlobalSection
	GlobalSection(ProjectConfigurationPlatforms) = postSolution
		{FC0031B7-A0EA-48BE-9034-5A7097489BD4}.Debug|Any CPU.ActiveCfg = Debug|Any CPU
		{FC0031B7-A0EA-48BE-9034-5A7097489BD4}.Debug|Any CPU.Build.0 = Debug|Any CPU
		{FC0031B7-A0EA-48BE-9034-5A7097489BD4}.Release|Any CPU.ActiveCfg = Release|Any CPU
		{FC0031B7-A0EA-48BE-9034-5A7097489BD4}.Release|Any CPU.Build.0 = Release|Any CPU
		{6D41B272-D6E2-4235-B3EA-BB0509F36C2B}.Debug|Any CPU.ActiveCfg = Debug|Any CPU
		{6D41B272-D6E2-4235-B3EA-BB0509F36C2B}.Debug|Any CPU.Build.0 = Debug|Any CPU
		{6D41B272-D6E2-4235-B3EA-BB0509F36C2B}.Release|Any CPU.ActiveCfg = Release|Any CPU
		{6D41B272-D6E2-4235-B3EA-BB0509F36C2B}.Release|Any CPU.Build.0 = Release|Any CPU
		{2A68E60A-9262-41F0-9245-F3DB1E42974F}.Debug|Any CPU.ActiveCfg = Debug|Any CPU
		{2A68E60A-9262-41F0-9245-F3DB1E42974F}.Debug|Any CPU.Build.0 = Debug|Any CPU
		{2A68E60A-9262-41F0-9245-F3DB1E42974F}.Release|Any CPU.ActiveCfg = Release|Any CPU
		{2A68E60A-9262-41F0-9245-F3DB1E42974F}.Release|Any CPU.Build.0 = Release|Any CPU
	EndGlobalSection
	GlobalSection(SolutionProperties) = preSolution
		HideSolutionNode = FALSE
	EndGlobalSection
	GlobalSection(ExtensibilityGlobals) = postSolution
		SolutionGuid = {B35284A1-EF6C-439B-B960-9894559EFD59}
	EndGlobalSection
EndGlobal
